
Microsoft Visual Studio Solution File, Format Version 12.00
# Visual Studio Version 17
VisualStudioVersion = 17.9.34622.214
MinimumVisualStudioVersion = 10.0.40219.1
Project("{FAE04EC0-301F-11D3-BF4B-00C04F79EFBC}") = "oopsBasic2", "oopsBasic2.csproj", "{69039E0E-1381-4BC6-B15E-24358A0B677A}"
EndProject
Global
	GlobalSection(SolutionConfigurationPlatforms) = preSolution
		Debug|Any CPU = Debug|Any CPU
		Release|Any CPU = Release|Any CPU
	EndGlobalSection
	GlobalSection(ProjectConfigurationPlatforms) = postSolution
		{69039E0E-1381-4BC6-B15E-24358A0B677A}.Debug|Any CPU.ActiveCfg = Debug|Any CPU
		{69039E0E-1381-4BC6-B15E-24358A0B677A}.Debug|Any CPU.Build.0 = Debug|Any CPU
		{69039E0E-1381-4BC6-B15E-24358A0B677A}.Release|Any CPU.ActiveCfg = Release|Any CPU
		{69039E0E-1381-4BC6-B15E-24358A0B677A}.Release|Any CPU.Build.0 = Release|Any CPU
	EndGlobalSection
	GlobalSection(SolutionProperties) = preSolution
		HideSolutionNode = FALSE
	EndGlobalSection
	GlobalSection(ExtensibilityGlobals) = postSolution
		SolutionGuid = {08560569-5BAF-48B3-8D73-557F04967A03}
	EndGlobalSection
EndGlobal
